
Microsoft Visual Studio Solution File, Format Version 11.00
# Visual Studio 2010
Project("{FAE04EC0-301F-11D3-BF4B-00C04F79EFBC}") = "Assembly-CSharp", "Assembly-CSharp.csproj", "{6f1b12fe-600a-6a83-069b-f55c137e600d}"
EndProject
Project("{FAE04EC0-301F-11D3-BF4B-00C04F79EFBC}") = "Assembly-CSharp-Editor", "Assembly-CSharp-Editor.csproj", "{95c31e3f-871d-7450-7663-a24033148366}"
EndProject
Global
	GlobalSection(SolutionConfigurationPlatforms) = preSolution
		Debug|Any CPU = Debug|Any CPU
	EndGlobalSection
	GlobalSection(ProjectConfigurationPlatforms) = postSolution
		{6f1b12fe-600a-6a83-069b-f55c137e600d}.Debug|Any CPU.ActiveCfg = Debug|Any CPU
		{6f1b12fe-600a-6a83-069b-f55c137e600d}.Debug|Any CPU.Build.0 = Debug|Any CPU
		{95c31e3f-871d-7450-7663-a24033148366}.Debug|Any CPU.ActiveCfg = Debug|Any CPU
		{95c31e3f-871d-7450-7663-a24033148366}.Debug|Any CPU.Build.0 = Debug|Any CPU
	EndGlobalSection
	GlobalSection(SolutionProperties) = preSolution
		HideSolutionNode = FALSE
	EndGlobalSection
EndGlobal
